Microsoft Visual Studio Solution File, Format Version 12.00
# Visual Studio Version 17
VisualStudioVersion = 17.5.2.0
MinimumVisualStudioVersion = 10.0.40219.1
Project("{2150E333-8FDC-42A3-9474-1A3956D46DE8}") = "labs", "labs", "{908A2AE8-7277-8D33-5900-B70622523C2F}"
EndProject
Project("{2150E333-8FDC-42A3-9474-1A3956D46DE8}") = "mcp-client-authorization", "mcp-client-authorization", "{4E880825-7F30-2BA4-928D-771CB26C33F9}"
EndProject
Project("{2150E333-8FDC-42A3-9474-1A3956D46DE8}") = "src", "src", "{19855F76-C90B-90AC-2BF0-3C5C2EB41DE0}"
EndProject
Project("{FAE04EC0-301F-11D3-BF4B-00C04F79EFBC}") = "FunctionsMcpTool", "labs\mcp-client-authorization\src\hello\FunctionsMcpTool.csproj", "{A6E899D5-BE84-CEB2-4627-EEBDFB8FB296}"
EndProject
Global
	GlobalSection(SolutionConfigurationPlatforms) = preSolution
		Debug|Any CPU = Debug|Any CPU
		Release|Any CPU = Release|Any CPU
	EndGlobalSection
	GlobalSection(ProjectConfigurationPlatforms) = postSolution
		{A6E899D5-BE84-CEB2-4627-EEBDFB8FB296}.Debug|Any CPU.ActiveCfg = Debug|Any CPU
		{A6E899D5-BE84-CEB2-4627-EEBDFB8FB296}.Debug|Any CPU.Build.0 = Debug|Any CPU
		{A6E899D5-BE84-CEB2-4627-EEBDFB8FB296}.Release|Any CPU.ActiveCfg = Release|Any CPU
		{A6E899D5-BE84-CEB2-4627-EEBDFB8FB296}.Release|Any CPU.Build.0 = Release|Any CPU
	EndGlobalSection
	GlobalSection(SolutionProperties) = preSolution
		HideSolutionNode = FALSE
	EndGlobalSection
	GlobalSection(NestedProjects) = preSolution
		{4E880825-7F30-2BA4-928D-771CB26C33F9} = {908A2AE8-7277-8D33-5900-B70622523C2F}
		{19855F76-C90B-90AC-2BF0-3C5C2EB41DE0} = {4E880825-7F30-2BA4-928D-771CB26C33F9}
		{A6E899D5-BE84-CEB2-4627-EEBDFB8FB296} = {19855F76-C90B-90AC-2BF0-3C5C2EB41DE0}
	EndGlobalSection
	GlobalSection(ExtensibilityGlobals) = postSolution
		SolutionGuid = {D69331AA-D3AA-412C-8C28-34AF2977FB66}
	EndGlobalSection
EndGlobal
